
Microsoft Visual Studio Solution File, Format Version 12.00
# Visual Studio Version 17
VisualStudioVersion = 17.14.36603.0 d17.14
MinimumVisualStudioVersion = 10.0.40219.1
Project("{FAE04EC0-301F-11D3-BF4B-00C04F79EFBC}") = "last element in arrat", "last element in arrat.csproj", "{F11489E3-C6B9-49D4-BDAC-925970C711F3}"
EndProject
Global
	GlobalSection(SolutionConfigurationPlatforms) = preSolution
		Debug|Any CPU = Debug|Any CPU
		Release|Any CPU = Release|Any CPU
	EndGlobalSection
	GlobalSection(ProjectConfigurationPlatforms) = postSolution
		{F11489E3-C6B9-49D4-BDAC-925970C711F3}.Debug|Any CPU.ActiveCfg = Debug|Any CPU
		{F11489E3-C6B9-49D4-BDAC-925970C711F3}.Debug|Any CPU.Build.0 = Debug|Any CPU
		{F11489E3-C6B9-49D4-BDAC-925970C711F3}.Release|Any CPU.ActiveCfg = Release|Any CPU
		{F11489E3-C6B9-49D4-BDAC-925970C711F3}.Release|Any CPU.Build.0 = Release|Any CPU
	EndGlobalSection
	GlobalSection(SolutionProperties) = preSolution
		HideSolutionNode = FALSE
	EndGlobalSection
	GlobalSection(ExtensibilityGlobals) = postSolution
		SolutionGuid = {6ACC189E-72AB-4FE6-A431-135C9897CACD}
	EndGlobalSection
EndGlobal
